<Solution>
  <Folder Name="/Solution Items/">
    <File Path=".gitignore" />
  </Folder>
  <Project Path="StayEasy.Application/StayEasy.Application.csproj" />
  <Project Path="StayEasy.Domain/StayEasy.Domain.csproj" />
  <Project Path="StayEasy.Infrastructure/StayEasy.Infrastructure.csproj" />
  <Project Path="StayEasy/StayEasy.Api.csproj" />
</Solution>
